{
  "name": "@connectedyard/phin-license-scanner",
  "version": "3.1.0",
  "lockfileVersion": 1,
  "requires": true,
  "dependencies": {
    "JSONPath": {
      "version": "0.11.2",
      "resolved": "https://registry.npmjs.org/JSONPath/-/JSONPath-0.11.2.tgz",
      "integrity": "sha1-P70gM6lXn3/1bBGCW11913ZBWD0="
    },
    "abbrev": {
      "version": "1.1.1",
      "resolved": "https://registry.npmjs.org/abbrev/-/abbrev-1.1.1.tgz",
      "integrity": "sha512-nne9/IiQ/hzIhY6pdDnbBtz7DjPTKrY00P/zvPSm5pOFkl6xuGrGnXn/VtTNNfNtAfZ9/1RtehkszU9qcTii0Q=="
    },
    "ajv": {
      "version": "4.11.8",
      "resolved": "https://registry.npmjs.org/ajv/-/ajv-4.11.8.tgz",
      "integrity": "sha1-gv+wKynmYq5TvcIK8VlHcGc5xTY=",
      "requires": {
        "co": "4.6.0",
        "json-stable-stringify": "1.0.1"
      }
    },
    "ajv-keywords": {
      "version": "1.5.1",
      "resolved": "https://registry.npmjs.org/ajv-keywords/-/ajv-keywords-1.5.1.tgz",
      "integrity": "sha1-MU3QpLM2j609/NxU7eYXG4htrzw="
    },
    "ansi-regex": {
      "version": "2.1.1",
      "resolved": "https://registry.npmjs.org/ansi-regex/-/ansi-regex-2.1.1.tgz",
      "integrity": "sha1-w7M6te42DYbg5ijwRorn7yfWVN8="
    },
    "ansi-styles": {
      "version": "2.2.1",
      "resolved": "https://registry.npmjs.org/ansi-styles/-/ansi-styles-2.2.1.tgz",
      "integrity": "sha1-tDLdM1i2NM914eRmQ2gkBTPB3b4="
    },
    "asap": {
      "version": "2.0.6",
      "resolved": "https://registry.npmjs.org/asap/-/asap-2.0.6.tgz",
      "integrity": "sha1-5QNHYR1+aQlDIIu9r+vLwvuGbUY="
    },
    "balanced-match": {
      "version": "1.0.0",
      "resolved": "https://registry.npmjs.org/balanced-match/-/balanced-match-1.0.0.tgz",
      "integrity": "sha1-ibTRmasr7kneFk6gK4nORi1xt2c="
    },
    "bluebird": {
      "version": "3.5.1",
      "resolved": "https://registry.npmjs.org/bluebird/-/bluebird-3.5.1.tgz",
      "integrity": "sha512-MKiLiV+I1AA596t9w1sQJ8jkiSr5+ZKi0WKrYGUn6d1Fx+Ij4tIj+m2WMQSGczs5jZVxV339chE8iwk6F64wjA=="
    },
    "bower-license": {
      "version": "0.4.4",
      "resolved": "https://registry.npmjs.org/bower-license/-/bower-license-0.4.4.tgz",
      "integrity": "sha1-MvMntA8wPsHzkKSWD0HWbEkLxRQ=",
      "requires": {
        "bower-json": "0.4.0",
        "npm-license": "0.3.3",
        "package-license": "0.1.2",
        "raptor-args": "1.0.3",
        "treeify": "1.0.1",
        "underscore": "1.5.2"
      },
      "dependencies": {
        "bower-json": {
          "version": "0.4.0",
          "resolved": "https://registry.npmjs.org/bower-json/-/bower-json-0.4.0.tgz",
          "integrity": "sha1-qZw8z0Fu8FkO0N7SUsdg8cbZN2Y=",
          "requires": {
            "deep-extend": "0.2.11",
            "graceful-fs": "2.0.3",
            "intersect": "0.0.3"
          },
          "dependencies": {
            "deep-extend": {
              "version": "0.2.11",
              "resolved": "https://registry.npmjs.org/deep-extend/-/deep-extend-0.2.11.tgz",
              "integrity": "sha1-eha6aXKRMjQFBhcElLyD9wdv4I8="
            },
            "graceful-fs": {
              "version": "2.0.3",
              "resolved": "https://registry.npmjs.org/graceful-fs/-/graceful-fs-2.0.3.tgz",
              "integrity": "sha1-fNLNsiiko/Nule+mzBQt59GhNtA="
            },
            "intersect": {
              "version": "0.0.3",
              "resolved": "https://registry.npmjs.org/intersect/-/intersect-0.0.3.tgz",
              "integrity": "sha1-waSl5erG7eSvdQTMB+Ctp7yfSSA="
            }
          }
        },
        "npm-license": {
          "version": "0.3.3",
          "resolved": "https://registry.npmjs.org/npm-license/-/npm-license-0.3.3.tgz",
          "integrity": "sha1-9n9LwjyGP24GLN5jlBTgURbc24I=",
          "requires": {
            "mkdirp": "0.5.1",
            "nopt": "3.0.6",
            "nopt-usage": "0.1.0",
            "package-license": "0.1.2",
            "pkginfo": "0.3.1",
            "read-installed": "4.0.3",
            "treeify": "1.0.1",
            "underscore": "1.4.4"
          },
          "dependencies": {
            "mkdirp": {
              "version": "0.5.1",
              "resolved": "https://registry.npmjs.org/mkdirp/-/mkdirp-0.5.1.tgz",
              "integrity": "sha1-MAV0OOrGz3+MR2fzhkjWaX11yQM=",
              "requires": {
                "minimist": "0.0.8"
              },
              "dependencies": {
                "minimist": {
                  "version": "0.0.8",
                  "resolved": "https://registry.npmjs.org/minimist/-/minimist-0.0.8.tgz",
                  "integrity": "sha1-hX/Kv8M5fSYluCKCYuhqp6ARsF0="
                }
              }
            },
            "nopt": {
              "version": "3.0.6",
              "resolved": "https://registry.npmjs.org/nopt/-/nopt-3.0.6.tgz",
              "integrity": "sha1-xkZdvwirzU2zWTF/eaxopkayj/k=",
              "requires": {
                "abbrev": "1.0.9"
              },
              "dependencies": {
                "abbrev": {
                  "version": "1.0.9",
                  "resolved": "https://registry.npmjs.org/abbrev/-/abbrev-1.0.9.tgz",
                  "integrity": "sha1-kbR5JYinc4wl813W9jdSovh3YTU="
                }
              }
            },
            "nopt-usage": {
              "version": "0.1.0",
              "resolved": "https://registry.npmjs.org/nopt-usage/-/nopt-usage-0.1.0.tgz",
              "integrity": "sha1-sYuMGD4YEEfKnmO3zefPxwLMpXk="
            },
            "pkginfo": {
              "version": "0.3.1",
              "resolved": "https://registry.npmjs.org/pkginfo/-/pkginfo-0.3.1.tgz",
              "integrity": "sha1-Wyn2qB9wcXFC4J52W76rl7T4HiE="
            },
            "read-installed": {
              "version": "4.0.3",
              "resolved": "https://registry.npmjs.org/read-installed/-/read-installed-4.0.3.tgz",
              "integrity": "sha1-/5uLZ/GH0eTCm5/rMfayI6zRkGc=",
              "requires": {
                "debuglog": "1.0.1",
                "graceful-fs": "4.1.9",
                "read-package-json": "2.0.4",
                "readdir-scoped-modules": "1.0.2",
                "semver": "5.3.0",
                "slide": "1.1.6",
                "util-extend": "1.0.3"
              },
              "dependencies": {
                "debuglog": {
                  "version": "1.0.1",
                  "resolved": "https://registry.npmjs.org/debuglog/-/debuglog-1.0.1.tgz",
                  "integrity": "sha1-qiT/uaw9+aI1GDfPstJ5NgzXhJI="
                },
                "graceful-fs": {
                  "version": "4.1.9",
                  "resolved": "https://registry.npmjs.org/graceful-fs/-/graceful-fs-4.1.9.tgz",
                  "integrity": "sha1-uqy6N9GdEfnRRtNXi8mZWMN4fik="
                },
                "read-package-json": {
                  "version": "2.0.4",
                  "resolved": "https://registry.npmjs.org/read-package-json/-/read-package-json-2.0.4.tgz",
                  "integrity": "sha1-Ye0bIlbqQ42ACIlQkL6EuOeZyFM=",
                  "requires": {
                    "glob": "6.0.4",
                    "graceful-fs": "4.1.9",
                    "json-parse-helpfulerror": "1.0.3",
                    "normalize-package-data": "2.3.5"
                  },
                  "dependencies": {
                    "glob": {
                      "version": "6.0.4",
                      "resolved": "https://registry.npmjs.org/glob/-/glob-6.0.4.tgz",
                      "integrity": "sha1-DwiGD2oVUSey+t1PnOJLGqtuTSI=",
                      "requires": {
                        "inflight": "1.0.6",
                        "inherits": "2.0.3",
                        "minimatch": "3.0.3",
                        "once": "1.4.0",
                        "path-is-absolute": "1.0.1"
                      },
                      "dependencies": {
                        "inflight": {
                          "version": "1.0.6",
                          "resolved": "https://registry.npmjs.org/inflight/-/inflight-1.0.6.tgz",
                          "integrity": "sha1-Sb1jMdfQLQwJvJEKEHW6gWW1bfk=",
                          "requires": {
                            "once": "1.4.0",
                            "wrappy": "1.0.2"
                          },
                          "dependencies": {
                            "wrappy": {
                              "version": "1.0.2",
                              "resolved": "https://registry.npmjs.org/wrappy/-/wrappy-1.0.2.tgz",
                              "integrity": "sha1-tSQ9jz7BqjXxNkYFvA0QNuMKtp8="
                            }
                          }
                        },
                        "inherits": {
                          "version": "2.0.3",
                          "resolved": "https://registry.npmjs.org/inherits/-/inherits-2.0.3.tgz",
                          "integrity": "sha1-Yzwsg+PaQqUC9SRmAiSA9CCCYd4="
                        },
                        "minimatch": {
                          "version": "3.0.3",
                          "resolved": "https://registry.npmjs.org/minimatch/-/minimatch-3.0.3.tgz",
                          "integrity": "sha1-Kk5AkLlrLbBqnX3wEFWmKnfJt3Q=",
                          "requires": {
                            "brace-expansion": "1.1.6"
                          },
                          "dependencies": {
                            "brace-expansion": {
                              "version": "1.1.6",
                              "resolved": "https://registry.npmjs.org/brace-expansion/-/brace-expansion-1.1.6.tgz",
                              "integrity": "sha1-cZfX6qm4fmSDkOph/GbIRCdCDfk=",
                              "requires": {
                                "balanced-match": "0.4.2",
                                "concat-map": "0.0.1"
                              },
                              "dependencies": {
                                "balanced-match": {
                                  "version": "0.4.2",
                                  "resolved": "https://registry.npmjs.org/balanced-match/-/balanced-match-0.4.2.tgz",
                                  "integrity": "sha1-yz8+PHMtwPAe5wtAPzAuYddwmDg="
                                },
                                "concat-map": {
                                  "version": "0.0.1",
                                  "resolved": "https://registry.npmjs.org/concat-map/-/concat-map-0.0.1.tgz",
                                  "integrity": "sha1-2Klr13/Wjfd5OnMDajug1UBdR3s="
                                }
                              }
                            }
                          }
                        },
                        "once": {
                          "version": "1.4.0",
                          "resolved": "https://registry.npmjs.org/once/-/once-1.4.0.tgz",
                          "integrity": "sha1-WDsap3WWHUsROsF9nFC6753Xa9E=",
                          "requires": {
                            "wrappy": "1.0.2"
                          },
                          "dependencies": {
                            "wrappy": {
                              "version": "1.0.2",
                              "resolved": "https://registry.npmjs.org/wrappy/-/wrappy-1.0.2.tgz",
                              "integrity": "sha1-tSQ9jz7BqjXxNkYFvA0QNuMKtp8="
                            }
                          }
                        },
                        "path-is-absolute": {
                          "version": "1.0.1",
                          "resolved": "https://registry.npmjs.org/path-is-absolute/-/path-is-absolute-1.0.1.tgz",
                          "integrity": "sha1-F0uSaHNVNP+8es5r9TpanhtcX18="
                        }
                      }
                    },
                    "json-parse-helpfulerror": {
                      "version": "1.0.3",
                      "resolved": "https://registry.npmjs.org/json-parse-helpfulerror/-/json-parse-helpfulerror-1.0.3.tgz",
                      "integrity": "sha1-E/FM4C7tTpgSl7ZOueO5MuLdE9w=",
                      "requires": {
                        "jju": "1.3.0"
                      },
                      "dependencies": {
                        "jju": {
                          "version": "1.3.0",
                          "resolved": "https://registry.npmjs.org/jju/-/jju-1.3.0.tgz",
                          "integrity": "sha1-2t2e8BkkvHKLA/L3l5vb1i96Kqo="
                        }
                      }
                    },
                    "normalize-package-data": {
                      "version": "2.3.5",
                      "resolved": "https://registry.npmjs.org/normalize-package-data/-/normalize-package-data-2.3.5.tgz",
                      "integrity": "sha1-jZJPFClg4Xd+f/4XBUNjHMfLAt8=",
                      "requires": {
                        "hosted-git-info": "2.1.5",
                        "is-builtin-module": "1.0.0",
                        "semver": "5.3.0",
                        "validate-npm-package-license": "3.0.1"
                      },
                      "dependencies": {
                        "hosted-git-info": {
                          "version": "2.1.5",
                          "resolved": "https://registry.npmjs.org/hosted-git-info/-/hosted-git-info-2.1.5.tgz",
                          "integrity": "sha1-C6gdkNouJas0ozLm7HeTbhWYEYs="
                        },
                        "is-builtin-module": {
                          "version": "1.0.0",
                          "resolved": "https://registry.npmjs.org/is-builtin-module/-/is-builtin-module-1.0.0.tgz",
                          "integrity": "sha1-VAVy0096wxGfj3bDDLwbHgN6/74=",
                          "requires": {
                            "builtin-modules": "1.1.1"
                          },
                          "dependencies": {
                            "builtin-modules": {
                              "version": "1.1.1",
                              "resolved": "https://registry.npmjs.org/builtin-modules/-/builtin-modules-1.1.1.tgz",
                              "integrity": "sha1-Jw8HbFpywC9bZaR9+Uxf46J4iS8="
                            }
                          }
                        },
                        "validate-npm-package-license": {
                          "version": "3.0.1",
                          "resolved": "https://registry.npmjs.org/validate-npm-package-license/-/validate-npm-package-license-3.0.1.tgz",
                          "integrity": "sha1-KAS6vnEq0zeUWaz74kdGqywwP7w=",
                          "requires": {
                            "spdx-correct": "1.0.2",
                            "spdx-expression-parse": "1.0.4"
                          },
                          "dependencies": {
                            "spdx-correct": {
                              "version": "1.0.2",
                              "resolved": "https://registry.npmjs.org/spdx-correct/-/spdx-correct-1.0.2.tgz",
                              "integrity": "sha1-SzBz2TP/UfORLwOsVRlJikFQ20A=",
                              "requires": {
                                "spdx-license-ids": "1.2.2"
                              },
                              "dependencies": {
                                "spdx-license-ids": {
                                  "version": "1.2.2",
                                  "resolved": "https://registry.npmjs.org/spdx-license-ids/-/spdx-license-ids-1.2.2.tgz",
                                  "integrity": "sha1-yd96NCRZSt5r0RkA1ZZpbcBrrFc="
                                }
                              }
                            },
                            "spdx-expression-parse": {
                              "version": "1.0.4",
                              "resolved": "https://registry.npmjs.org/spdx-expression-parse/-/spdx-expression-parse-1.0.4.tgz",
                              "integrity": "sha1-m98vIOH0DtRH++JzJmGR/O1RYmw="
                            }
                          }
                        }
                      }
                    }
                  }
                },
                "readdir-scoped-modules": {
                  "version": "1.0.2",
                  "resolved": "https://registry.npmjs.org/readdir-scoped-modules/-/readdir-scoped-modules-1.0.2.tgz",
                  "integrity": "sha1-n6+jfShr5dksuuve4DDcm19AZ0c=",
                  "requires": {
                    "debuglog": "1.0.1",
                    "dezalgo": "1.0.3",
                    "graceful-fs": "4.1.9",
                    "once": "1.4.0"
                  },
                  "dependencies": {
                    "dezalgo": {
                      "version": "1.0.3",
                      "resolved": "https://registry.npmjs.org/dezalgo/-/dezalgo-1.0.3.tgz",
                      "integrity": "sha1-f3Qt4Gb8dIvI24IFad3c5Jvw1FY=",
                      "requires": {
                        "asap": "2.0.5",
                        "wrappy": "1.0.2"
                      },
                      "dependencies": {
                        "asap": {
                          "version": "2.0.5",
                          "resolved": "https://registry.npmjs.org/asap/-/asap-2.0.5.tgz",
                          "integrity": "sha1-UidltQw1EEkOUtfc/ghe+bqWlY8="
                        },
                        "wrappy": {
                          "version": "1.0.2",
                          "resolved": "https://registry.npmjs.org/wrappy/-/wrappy-1.0.2.tgz",
                          "integrity": "sha1-tSQ9jz7BqjXxNkYFvA0QNuMKtp8="
                        }
                      }
                    },
                    "once": {
                      "version": "1.4.0",
                      "resolved": "https://registry.npmjs.org/once/-/once-1.4.0.tgz",
                      "integrity": "sha1-WDsap3WWHUsROsF9nFC6753Xa9E=",
                      "requires": {
                        "wrappy": "1.0.2"
                      },
                      "dependencies": {
                        "wrappy": {
                          "version": "1.0.2",
                          "resolved": "https://registry.npmjs.org/wrappy/-/wrappy-1.0.2.tgz",
                          "integrity": "sha1-tSQ9jz7BqjXxNkYFvA0QNuMKtp8="
                        }
                      }
                    }
                  }
                },
                "semver": {
                  "version": "5.3.0",
                  "resolved": "https://registry.npmjs.org/semver/-/semver-5.3.0.tgz",
                  "integrity": "sha1-myzl094C0XxgEq0yaqa00M9U+U8="
                },
                "slide": {
                  "version": "1.1.6",
                  "resolved": "https://registry.npmjs.org/slide/-/slide-1.1.6.tgz",
                  "integrity": "sha1-VusCfWW00tzmyy4tMsTUr8nh1wc="
                },
                "util-extend": {
                  "version": "1.0.3",
                  "resolved": "https://registry.npmjs.org/util-extend/-/util-extend-1.0.3.tgz",
                  "integrity": "sha1-p8IW0mdUUWljeztu3GypEZ4v+T8="
                }
              }
            },
            "underscore": {
              "version": "1.4.4",
              "resolved": "https://registry.npmjs.org/underscore/-/underscore-1.4.4.tgz",
              "integrity": "sha1-YaajIBBiKvoHljvzJSA88SI51gQ="
            }
          }
        },
        "package-license": {
          "version": "0.1.2",
          "resolved": "https://registry.npmjs.org/package-license/-/package-license-0.1.2.tgz",
          "integrity": "sha1-9cRJp6UPrfSiI0HilJCZ+RpCAos="
        },
        "raptor-args": {
          "version": "1.0.3",
          "resolved": "https://registry.npmjs.org/raptor-args/-/raptor-args-1.0.3.tgz",
          "integrity": "sha1-4JbOXA+d5eCEhheni/+s6UxU3IY="
        },
        "treeify": {
          "version": "1.0.1",
          "resolved": "https://registry.npmjs.org/treeify/-/treeify-1.0.1.tgz",
          "integrity": "sha1-abPNAiAioWhCTnz6HO1EyTnT6y8="
        },
        "underscore": {
          "version": "1.5.2",
          "resolved": "https://registry.npmjs.org/underscore/-/underscore-1.5.2.tgz",
          "integrity": "sha1-EzXF5PXm0zu7SwBrqMhqAPVW3gg="
        }
      }
    },
    "brace-expansion": {
      "version": "1.1.11",
      "resolved": "https://registry.npmjs.org/brace-expansion/-/brace-expansion-1.1.11.tgz",
      "integrity": "sha512-iCuPHDFgrHX7H2vEI/5xpz07zSHB00TpugqhmYtVmMO6518mCuRMoOYFldEBl0g187ufozdaHgWKcYFb61qGiA==",
      "requires": {
        "balanced-match": "1.0.0",
        "concat-map": "0.0.1"
      }
    },
    "builtin-modules": {
      "version": "1.1.1",
      "resolved": "https://registry.npmjs.org/builtin-modules/-/builtin-modules-1.1.1.tgz",
      "integrity": "sha1-Jw8HbFpywC9bZaR9+Uxf46J4iS8="
    },
    "chalk": {
      "version": "1.1.3",
      "resolved": "https://registry.npmjs.org/chalk/-/chalk-1.1.3.tgz",
      "integrity": "sha1-qBFcVeSnAv5NFQq9OHKCKn4J/Jg=",
      "requires": {
        "ansi-styles": "2.2.1",
        "escape-string-regexp": "1.0.5",
        "has-ansi": "2.0.0",
        "strip-ansi": "3.0.1",
        "supports-color": "2.0.0"
      }
    },
    "co": {
      "version": "4.6.0",
      "resolved": "https://registry.npmjs.org/co/-/co-4.6.0.tgz",
      "integrity": "sha1-bqa989hTrlTMuOR7+gvz+QMfsYQ="
    },
    "colors": {
      "version": "1.1.2",
      "resolved": "https://registry.npmjs.org/colors/-/colors-1.1.2.tgz",
      "integrity": "sha1-FopHAXVran9RoSzgyXv6KMCE7WM="
    },
    "commander": {
      "version": "2.14.1",
      "resolved": "https://registry.npmjs.org/commander/-/commander-2.14.1.tgz",
      "integrity": "sha512-+YR16o3rK53SmWHU3rEM3tPAh2rwb1yPcQX5irVn7mb0gXbwuCCrnkbV5+PBfETdfg1vui07nM6PCG1zndcjQw=="
    },
    "concat-map": {
      "version": "0.0.1",
      "resolved": "https://registry.npmjs.org/concat-map/-/concat-map-0.0.1.tgz",
      "integrity": "sha1-2Klr13/Wjfd5OnMDajug1UBdR3s="
    },
    "csvwriter": {
      "version": "1.3.0",
      "resolved": "https://registry.npmjs.org/csvwriter/-/csvwriter-1.3.0.tgz",
      "integrity": "sha1-Gjx1JefI/HkC4hGulawIYiFi4nI=",
      "requires": {
        "JSONPath": "0.11.2",
        "chalk": "1.1.3",
        "commander": "2.14.1",
        "table": "3.8.3"
      }
    },
    "debug": {
      "version": "2.6.9",
      "resolved": "https://registry.npmjs.org/debug/-/debug-2.6.9.tgz",
      "integrity": "sha512-bC7ElrdJaJnPbAP+1EotYvqZsb3ecl5wi6Bfi6BJTUcNowp6cvspg0jXznRTKDjm/E7AdgFBVeAPVMNcKGsHMA==",
      "requires": {
        "ms": "2.0.0"
      }
    },
    "debuglog": {
      "version": "1.0.1",
      "resolved": "https://registry.npmjs.org/debuglog/-/debuglog-1.0.1.tgz",
      "integrity": "sha1-qiT/uaw9+aI1GDfPstJ5NgzXhJI="
    },
    "dezalgo": {
      "version": "1.0.3",
      "resolved": "https://registry.npmjs.org/dezalgo/-/dezalgo-1.0.3.tgz",
      "integrity": "sha1-f3Qt4Gb8dIvI24IFad3c5Jvw1FY=",
      "requires": {
        "asap": "2.0.6",
        "wrappy": "1.0.2"
      }
    },
    "escape-string-regexp": {
      "version": "1.0.5",
      "resolved": "https://registry.npmjs.org/escape-string-regexp/-/escape-string-regexp-1.0.5.tgz",
      "integrity": "sha1-G2HAViGQqN/2rjuyzwIAyhMLhtQ="
    },
    "fs.realpath": {
      "version": "1.0.0",
      "resolved": "https://registry.npmjs.org/fs.realpath/-/fs.realpath-1.0.0.tgz",
      "integrity": "sha1-FQStJSMVjKpA20onh8sBQRmU6k8="
    },
    "glob": {
      "version": "7.1.2",
      "resolved": "https://registry.npmjs.org/glob/-/glob-7.1.2.tgz",
      "integrity": "sha512-MJTUg1kjuLeQCJ+ccE4Vpa6kKVXkPYJ2mOCQyUuKLcLQsdrMCpBPUi8qVE6+YuaJkozeA9NusTAw3hLr8Xe5EQ==",
      "requires": {
        "fs.realpath": "1.0.0",
        "inflight": "1.0.6",
        "inherits": "2.0.3",
        "minimatch": "3.0.4",
        "once": "1.4.0",
        "path-is-absolute": "1.0.1"
      }
    },
    "graceful-fs": {
      "version": "4.1.11",
      "resolved": "https://registry.npmjs.org/graceful-fs/-/graceful-fs-4.1.11.tgz",
      "integrity": "sha1-Dovf5NHduIVNZOBOp8AOKgJuVlg="
    },
    "has-ansi": {
      "version": "2.0.0",
      "resolved": "https://registry.npmjs.org/has-ansi/-/has-ansi-2.0.0.tgz",
      "integrity": "sha1-NPUEnOHs3ysGSa8+8k5F7TVBbZE=",
      "requires": {
        "ansi-regex": "2.1.1"
      }
    },
    "hosted-git-info": {
      "version": "2.5.0",
      "resolved": "https://registry.npmjs.org/hosted-git-info/-/hosted-git-info-2.5.0.tgz",
      "integrity": "sha512-pNgbURSuab90KbTqvRPsseaTxOJCZBD0a7t+haSN33piP9cCM4l0CqdzAif2hUqm716UovKB2ROmiabGAKVXyg=="
    },
    "inflight": {
      "version": "1.0.6",
      "resolved": "https://registry.npmjs.org/inflight/-/inflight-1.0.6.tgz",
      "integrity": "sha1-Sb1jMdfQLQwJvJEKEHW6gWW1bfk=",
      "requires": {
        "once": "1.4.0",
        "wrappy": "1.0.2"
      }
    },
    "inherits": {
      "version": "2.0.3",
      "resolved": "https://registry.npmjs.org/inherits/-/inherits-2.0.3.tgz",
      "integrity": "sha1-Yzwsg+PaQqUC9SRmAiSA9CCCYd4="
    },
    "is-builtin-module": {
      "version": "1.0.0",
      "resolved": "https://registry.npmjs.org/is-builtin-module/-/is-builtin-module-1.0.0.tgz",
      "integrity": "sha1-VAVy0096wxGfj3bDDLwbHgN6/74=",
      "requires": {
        "builtin-modules": "1.1.1"
      }
    },
    "is-fullwidth-code-point": {
      "version": "2.0.0",
      "resolved": "https://registry.npmjs.org/is-fullwidth-code-point/-/is-fullwidth-code-point-2.0.0.tgz",
      "integrity": "sha1-o7MKXE8ZkYMWeqq5O+764937ZU8="
    },
    "json-parse-better-errors": {
      "version": "1.0.1",
      "resolved": "https://registry.npmjs.org/json-parse-better-errors/-/json-parse-better-errors-1.0.1.tgz",
      "integrity": "sha512-xyQpxeWWMKyJps9CuGJYeng6ssI5bpqS9ltQpdVQ90t4ql6NdnxFKh95JcRt2cun/DjMVNrdjniLPuMA69xmCw=="
    },
    "json-stable-stringify": {
      "version": "1.0.1",
      "resolved": "https://registry.npmjs.org/json-stable-stringify/-/json-stable-stringify-1.0.1.tgz",
      "integrity": "sha1-mnWdOcXy/1A/1TAGRu1EX4jE+a8=",
      "requires": {
        "jsonify": "0.0.0"
      }
    },
    "jsonify": {
      "version": "0.0.0",
      "resolved": "https://registry.npmjs.org/jsonify/-/jsonify-0.0.0.tgz",
      "integrity": "sha1-LHS27kHZPKUbe1qu6PUDYx0lKnM="
    },
    "license-checker": {
      "version": "8.0.4",
      "resolved": "https://registry.npmjs.org/license-checker/-/license-checker-8.0.4.tgz",
      "integrity": "sha1-kQaulguA6OGJhGeLsC6gr/fvjng=",
      "requires": {
        "chalk": "0.5.1",
        "debug": "2.6.9",
        "mkdirp": "0.3.5",
        "nopt": "2.2.1",
        "read-installed": "4.0.3",
        "semver": "5.5.0",
        "treeify": "1.1.0"
      },
      "dependencies": {
        "ansi-regex": {
          "version": "0.2.1",
          "resolved": "https://registry.npmjs.org/ansi-regex/-/ansi-regex-0.2.1.tgz",
          "integrity": "sha1-DY6UaWej2BQ/k+JOKYUl/BsiNfk="
        },
        "ansi-styles": {
          "version": "1.1.0",
          "resolved": "https://registry.npmjs.org/ansi-styles/-/ansi-styles-1.1.0.tgz",
          "integrity": "sha1-6uy/Zs1waIJ2Cy9GkVgrj1XXp94="
        },
        "chalk": {
          "version": "0.5.1",
          "resolved": "https://registry.npmjs.org/chalk/-/chalk-0.5.1.tgz",
          "integrity": "sha1-Zjs6ZItotV0EaQ1JFnqoN4WPIXQ=",
          "requires": {
            "ansi-styles": "1.1.0",
            "escape-string-regexp": "1.0.5",
            "has-ansi": "0.1.0",
            "strip-ansi": "0.3.0",
            "supports-color": "0.2.0"
          }
        },
        "has-ansi": {
          "version": "0.1.0",
          "resolved": "https://registry.npmjs.org/has-ansi/-/has-ansi-0.1.0.tgz",
          "integrity": "sha1-hPJlqujA5qiKEtcCKJS3VoiUxi4=",
          "requires": {
            "ansi-regex": "0.2.1"
          }
        },
        "strip-ansi": {
          "version": "0.3.0",
          "resolved": "https://registry.npmjs.org/strip-ansi/-/strip-ansi-0.3.0.tgz",
          "integrity": "sha1-JfSOoiynkYfzF0pNuHWTR7sSYiA=",
          "requires": {
            "ansi-regex": "0.2.1"
          }
        },
        "supports-color": {
          "version": "0.2.0",
          "resolved": "https://registry.npmjs.org/supports-color/-/supports-color-0.2.0.tgz",
          "integrity": "sha1-2S3iaU6z9nMjlz1649i1W0wiGQo="
        }
      }
    },
    "lodash": {
      "version": "4.17.5",
      "resolved": "https://registry.npmjs.org/lodash/-/lodash-4.17.5.tgz",
      "integrity": "sha512-svL3uiZf1RwhH+cWrfZn3A4+U58wbP0tGVTLQPbjplZxZ8ROD9VLuNgsRniTlLe7OlSqR79RUehXgpBW/s0IQw=="
    },
    "minimatch": {
      "version": "3.0.4",
      "resolved": "https://registry.npmjs.org/minimatch/-/minimatch-3.0.4.tgz",
      "integrity": "sha512-yJHVQEhyqPLUTgt9B83PXu6W3rx4MvvHvSUvToogpwoGDOUQ+yDrR0HRot+yOCdCO7u4hX3pWft6kWBBcqh0UA==",
      "requires": {
        "brace-expansion": "1.1.11"
      }
    },
    "mkdirp": {
      "version": "0.3.5",
      "resolved": "https://registry.npmjs.org/mkdirp/-/mkdirp-0.3.5.tgz",
      "integrity": "sha1-3j5fiWHIjHh+4TaN+EmsRBPsqNc="
    },
    "ms": {
      "version": "2.0.0",
      "resolved": "https://registry.npmjs.org/ms/-/ms-2.0.0.tgz",
      "integrity": "sha1-VgiurfwAvmwpAd9fmGF4jeDVl8g="
    },
    "nopt": {
      "version": "2.2.1",
      "resolved": "https://registry.npmjs.org/nopt/-/nopt-2.2.1.tgz",
      "integrity": "sha1-KqCbfRdoSHs7ianFqlIzW/8Lrqc=",
      "requires": {
        "abbrev": "1.1.1"
      }
    },
    "normalize-package-data": {
      "version": "2.4.0",
      "resolved": "https://registry.npmjs.org/normalize-package-data/-/normalize-package-data-2.4.0.tgz",
      "integrity": "sha512-9jjUFbTPfEy3R/ad/2oNbKtW9Hgovl5O1FvFWKkKblNXoN/Oou6+9+KKohPK13Yc3/TyunyWhJp6gvRNR/PPAw==",
      "requires": {
        "hosted-git-info": "2.5.0",
        "is-builtin-module": "1.0.0",
        "semver": "5.5.0",
        "validate-npm-package-license": "3.0.1"
      }
    },
    "once": {
      "version": "1.4.0",
      "resolved": "https://registry.npmjs.org/once/-/once-1.4.0.tgz",
      "integrity": "sha1-WDsap3WWHUsROsF9nFC6753Xa9E=",
      "requires": {
        "wrappy": "1.0.2"
      }
    },
    "path-is-absolute": {
      "version": "1.0.1",
      "resolved": "https://registry.npmjs.org/path-is-absolute/-/path-is-absolute-1.0.1.tgz",
      "integrity": "sha1-F0uSaHNVNP+8es5r9TpanhtcX18="
    },
    "prompt": {
      "version": "1.0.0",
      "resolved": "https://registry.npmjs.org/prompt/-/prompt-1.0.0.tgz",
      "integrity": "sha1-jlcSPDlquYiJf7Mn/Trtw+c15P4=",
      "requires": {
        "colors": "1.1.2",
        "pkginfo": "0.4.0",
        "read": "1.0.7",
        "revalidator": "0.1.8",
        "utile": "0.3.0",
        "winston": "2.1.1"
      },
      "dependencies": {
        "pkginfo": {
          "version": "0.4.0",
          "resolved": "https://registry.npmjs.org/pkginfo/-/pkginfo-0.4.0.tgz",
          "integrity": "sha1-NJ27f/04CB/K3AhT32h/DHdEzWU="
        },
        "read": {
          "version": "1.0.7",
          "resolved": "https://registry.npmjs.org/read/-/read-1.0.7.tgz",
          "integrity": "sha1-s9oZvQUkMal2cdRKQmNK33ELQMQ=",
          "requires": {
            "mute-stream": "0.0.6"
          },
          "dependencies": {
            "mute-stream": {
              "version": "0.0.6",
              "resolved": "https://registry.npmjs.org/mute-stream/-/mute-stream-0.0.6.tgz",
              "integrity": "sha1-SJYrGeFp/R38JAs/HnMXYnu8R9s="
            }
          }
        },
        "revalidator": {
          "version": "0.1.8",
          "resolved": "https://registry.npmjs.org/revalidator/-/revalidator-0.1.8.tgz",
          "integrity": "sha1-/s5hv6DBtSoga9axgZgYS91SOjs="
        },
        "utile": {
          "version": "0.3.0",
          "resolved": "https://registry.npmjs.org/utile/-/utile-0.3.0.tgz",
          "integrity": "sha1-E1LDQOuCDk2N26A5pPv6oy7U7zo=",
          "requires": {
            "async": "0.9.2",
            "deep-equal": "0.2.2",
            "i": "0.3.5",
            "mkdirp": "0.5.1",
            "ncp": "1.0.1",
            "rimraf": "2.5.4"
          },
          "dependencies": {
            "async": {
              "version": "0.9.2",
              "resolved": "https://registry.npmjs.org/async/-/async-0.9.2.tgz",
              "integrity": "sha1-rqdNXmHB+JlhO/ZL2mbUx48v0X0="
            },
            "deep-equal": {
              "version": "0.2.2",
              "resolved": "https://registry.npmjs.org/deep-equal/-/deep-equal-0.2.2.tgz",
              "integrity": "sha1-hLdFiW80xoTpjyzg5Cq69Du6AX0="
            },
            "i": {
              "version": "0.3.5",
              "resolved": "https://registry.npmjs.org/i/-/i-0.3.5.tgz",
              "integrity": "sha1-HSuFQVjsgWkRPGy39raAHpniEdU="
            },
            "mkdirp": {
              "version": "0.5.1",
              "resolved": "https://registry.npmjs.org/mkdirp/-/mkdirp-0.5.1.tgz",
              "integrity": "sha1-MAV0OOrGz3+MR2fzhkjWaX11yQM=",
              "requires": {
                "minimist": "0.0.8"
              },
              "dependencies": {
                "minimist": {
                  "version": "0.0.8",
                  "resolved": "https://registry.npmjs.org/minimist/-/minimist-0.0.8.tgz",
                  "integrity": "sha1-hX/Kv8M5fSYluCKCYuhqp6ARsF0="
                }
              }
            },
            "ncp": {
              "version": "1.0.1",
              "resolved": "https://registry.npmjs.org/ncp/-/ncp-1.0.1.tgz",
              "integrity": "sha1-0VNn5cuHQyuhF9K/gP30Wuz7QkY="
            },
            "rimraf": {
              "version": "2.5.4",
              "resolved": "https://registry.npmjs.org/rimraf/-/rimraf-2.5.4.tgz",
              "integrity": "sha1-loAAk8vxoMhr2VtGJUZ1NcKd+gQ=",
              "requires": {
                "glob": "7.1.1"
              },
              "dependencies": {
                "glob": {
                  "version": "7.1.1",
                  "resolved": "https://registry.npmjs.org/glob/-/glob-7.1.1.tgz",
                  "integrity": "sha1-gFIR3wT6rxxjo2ADBs31reULLsg=",
                  "requires": {
                    "fs.realpath": "1.0.0",
                    "inflight": "1.0.6",
                    "inherits": "2.0.3",
                    "minimatch": "3.0.3",
                    "once": "1.4.0",
                    "path-is-absolute": "1.0.1"
                  },
                  "dependencies": {
                    "fs.realpath": {
                      "version": "1.0.0",
                      "resolved": "https://registry.npmjs.org/fs.realpath/-/fs.realpath-1.0.0.tgz",
                      "integrity": "sha1-FQStJSMVjKpA20onh8sBQRmU6k8="
                    },
                    "inflight": {
                      "version": "1.0.6",
                      "resolved": "https://registry.npmjs.org/inflight/-/inflight-1.0.6.tgz",
                      "integrity": "sha1-Sb1jMdfQLQwJvJEKEHW6gWW1bfk=",
                      "requires": {
                        "once": "1.4.0",
                        "wrappy": "1.0.2"
                      },
                      "dependencies": {
                        "wrappy": {
                          "version": "1.0.2",
                          "resolved": "https://registry.npmjs.org/wrappy/-/wrappy-1.0.2.tgz",
                          "integrity": "sha1-tSQ9jz7BqjXxNkYFvA0QNuMKtp8="
                        }
                      }
                    },
                    "inherits": {
                      "version": "2.0.3",
                      "resolved": "https://registry.npmjs.org/inherits/-/inherits-2.0.3.tgz",
                      "integrity": "sha1-Yzwsg+PaQqUC9SRmAiSA9CCCYd4="
                    },
                    "minimatch": {
                      "version": "3.0.3",
                      "resolved": "https://registry.npmjs.org/minimatch/-/minimatch-3.0.3.tgz",
                      "integrity": "sha1-Kk5AkLlrLbBqnX3wEFWmKnfJt3Q=",
                      "requires": {
                        "brace-expansion": "1.1.6"
                      },
                      "dependencies": {
                        "brace-expansion": {
                          "version": "1.1.6",
                          "resolved": "https://registry.npmjs.org/brace-expansion/-/brace-expansion-1.1.6.tgz",
                          "integrity": "sha1-cZfX6qm4fmSDkOph/GbIRCdCDfk=",
                          "requires": {
                            "balanced-match": "0.4.2",
                            "concat-map": "0.0.1"
                          },
                          "dependencies": {
                            "balanced-match": {
                              "version": "0.4.2",
                              "resolved": "https://registry.npmjs.org/balanced-match/-/balanced-match-0.4.2.tgz",
                              "integrity": "sha1-yz8+PHMtwPAe5wtAPzAuYddwmDg="
                            },
                            "concat-map": {
                              "version": "0.0.1",
                              "resolved": "https://registry.npmjs.org/concat-map/-/concat-map-0.0.1.tgz",
                              "integrity": "sha1-2Klr13/Wjfd5OnMDajug1UBdR3s="
                            }
                          }
                        }
                      }
                    },
                    "once": {
                      "version": "1.4.0",
                      "resolved": "https://registry.npmjs.org/once/-/once-1.4.0.tgz",
                      "integrity": "sha1-WDsap3WWHUsROsF9nFC6753Xa9E=",
                      "requires": {
                        "wrappy": "1.0.2"
                      },
                      "dependencies": {
                        "wrappy": {
                          "version": "1.0.2",
                          "resolved": "https://registry.npmjs.org/wrappy/-/wrappy-1.0.2.tgz",
                          "integrity": "sha1-tSQ9jz7BqjXxNkYFvA0QNuMKtp8="
                        }
                      }
                    },
                    "path-is-absolute": {
                      "version": "1.0.1",
                      "resolved": "https://registry.npmjs.org/path-is-absolute/-/path-is-absolute-1.0.1.tgz",
                      "integrity": "sha1-F0uSaHNVNP+8es5r9TpanhtcX18="
                    }
                  }
                }
              }
            }
          }
        },
        "winston": {
          "version": "2.1.1",
          "resolved": "https://registry.npmjs.org/winston/-/winston-2.1.1.tgz",
          "integrity": "sha1-PJNJ0ZYgf9G9/51LxD73JRDjoS4=",
          "requires": {
            "async": "1.0.0",
            "colors": "1.0.3",
            "cycle": "1.0.3",
            "eyes": "0.1.8",
            "isstream": "0.1.2",
            "pkginfo": "0.3.1",
            "stack-trace": "0.0.9"
          },
          "dependencies": {
            "async": {
              "version": "1.0.0",
              "resolved": "https://registry.npmjs.org/async/-/async-1.0.0.tgz",
              "integrity": "sha1-+PwEyjoTeErenhZBr5hXjPvWR6k="
            },
            "colors": {
              "version": "1.0.3",
              "resolved": "https://registry.npmjs.org/colors/-/colors-1.0.3.tgz",
              "integrity": "sha1-BDP0TYCWgP3rYO0mDxsMJi6CpAs="
            },
            "cycle": {
              "version": "1.0.3",
              "resolved": "https://registry.npmjs.org/cycle/-/cycle-1.0.3.tgz",
              "integrity": "sha1-IegLK+hYD5i0aPN5QwZisEbDStI="
            },
            "eyes": {
              "version": "0.1.8",
              "resolved": "https://registry.npmjs.org/eyes/-/eyes-0.1.8.tgz",
              "integrity": "sha1-Ys8SAjTGg3hdkCNIqADvPgzCC8A="
            },
            "isstream": {
              "version": "0.1.2",
              "resolved": "https://registry.npmjs.org/isstream/-/isstream-0.1.2.tgz",
              "integrity": "sha1-R+Y/evVa+m+S4VAOaQ64uFKcCZo="
            },
            "pkginfo": {
              "version": "0.3.1",
              "resolved": "https://registry.npmjs.org/pkginfo/-/pkginfo-0.3.1.tgz",
              "integrity": "sha1-Wyn2qB9wcXFC4J52W76rl7T4HiE="
            },
            "stack-trace": {
              "version": "0.0.9",
              "resolved": "https://registry.npmjs.org/stack-trace/-/stack-trace-0.0.9.tgz",
              "integrity": "sha1-qPbq7KkGdMMz58Q5U/J1tFFRBpU="
            }
          }
        }
      }
    },
    "read-installed": {
      "version": "4.0.3",
      "resolved": "https://registry.npmjs.org/read-installed/-/read-installed-4.0.3.tgz",
      "integrity": "sha1-/5uLZ/GH0eTCm5/rMfayI6zRkGc=",
      "requires": {
        "debuglog": "1.0.1",
        "graceful-fs": "4.1.11",
        "read-package-json": "2.0.12",
        "readdir-scoped-modules": "1.0.2",
        "semver": "5.5.0",
        "slide": "1.1.6",
        "util-extend": "1.0.3"
      }
    },
    "read-package-json": {
      "version": "2.0.12",
      "resolved": "https://registry.npmjs.org/read-package-json/-/read-package-json-2.0.12.tgz",
      "integrity": "sha512-m7/I0+tP6D34EVvSlzCtuVA4D/dHL6OpLcn2e4XVP5X57pCKGUy1JjRSBVKHWpB+vUU91sL85h84qX0MdXzBSw==",
      "requires": {
        "glob": "7.1.2",
        "graceful-fs": "4.1.11",
        "json-parse-better-errors": "1.0.1",
        "normalize-package-data": "2.4.0",
        "slash": "1.0.0"
      }
    },
    "readdir-scoped-modules": {
      "version": "1.0.2",
      "resolved": "https://registry.npmjs.org/readdir-scoped-modules/-/readdir-scoped-modules-1.0.2.tgz",
      "integrity": "sha1-n6+jfShr5dksuuve4DDcm19AZ0c=",
      "requires": {
        "debuglog": "1.0.1",
        "dezalgo": "1.0.3",
        "graceful-fs": "4.1.11",
        "once": "1.4.0"
      }
    },
    "semver": {
      "version": "5.5.0",
      "resolved": "https://registry.npmjs.org/semver/-/semver-5.5.0.tgz",
      "integrity": "sha512-4SJ3dm0WAwWy/NVeioZh5AntkdJoWKxHxcmyP622fOkgHa4z3R0TdBJICINyaSDE6uNwVc8gZr+ZinwZAH4xIA=="
    },
    "slash": {
      "version": "1.0.0",
      "resolved": "https://registry.npmjs.org/slash/-/slash-1.0.0.tgz",
      "integrity": "sha1-xB8vbDn8FtHNF61LXYlhFK5HDVU="
    },
    "slice-ansi": {
      "version": "0.0.4",
      "resolved": "https://registry.npmjs.org/slice-ansi/-/slice-ansi-0.0.4.tgz",
      "integrity": "sha1-7b+JA/ZvfOL46v1s7tZeJkyDGzU="
    },
    "slide": {
      "version": "1.1.6",
      "resolved": "https://registry.npmjs.org/slide/-/slide-1.1.6.tgz",
      "integrity": "sha1-VusCfWW00tzmyy4tMsTUr8nh1wc="
    },
    "spdx-correct": {
      "version": "1.0.2",
      "resolved": "https://registry.npmjs.org/spdx-correct/-/spdx-correct-1.0.2.tgz",
      "integrity": "sha1-SzBz2TP/UfORLwOsVRlJikFQ20A=",
      "requires": {
        "spdx-license-ids": "1.2.2"
      }
    },
    "spdx-expression-parse": {
      "version": "1.0.4",
      "resolved": "https://registry.npmjs.org/spdx-expression-parse/-/spdx-expression-parse-1.0.4.tgz",
      "integrity": "sha1-m98vIOH0DtRH++JzJmGR/O1RYmw="
    },
    "spdx-license-ids": {
      "version": "1.2.2",
      "resolved": "https://registry.npmjs.org/spdx-license-ids/-/spdx-license-ids-1.2.2.tgz",
      "integrity": "sha1-yd96NCRZSt5r0RkA1ZZpbcBrrFc="
    },
    "string-width": {
      "version": "2.1.1",
      "resolved": "https://registry.npmjs.org/string-width/-/string-width-2.1.1.tgz",
      "integrity": "sha512-nOqH59deCq9SRHlxq1Aw85Jnt4w6KvLKqWVik6oA9ZklXLNIOlqg4F2yrT1MVaTjAqvVwdfeZ7w7aCvJD7ugkw==",
      "requires": {
        "is-fullwidth-code-point": "2.0.0",
        "strip-ansi": "4.0.0"
      },
      "dependencies": {
        "ansi-regex": {
          "version": "3.0.0",
          "resolved": "https://registry.npmjs.org/ansi-regex/-/ansi-regex-3.0.0.tgz",
          "integrity": "sha1-7QMXwyIGT3lGbAKWa922Bas32Zg="
        },
        "strip-ansi": {
          "version": "4.0.0",
          "resolved": "https://registry.npmjs.org/strip-ansi/-/strip-ansi-4.0.0.tgz",
          "integrity": "sha1-qEeQIusaw2iocTibY1JixQXuNo8=",
          "requires": {
            "ansi-regex": "3.0.0"
          }
        }
      }
    },
    "strip-ansi": {
      "version": "3.0.1",
      "resolved": "https://registry.npmjs.org/strip-ansi/-/strip-ansi-3.0.1.tgz",
      "integrity": "sha1-ajhfuIU9lS1f8F0Oiq+UJ43GPc8=",
      "requires": {
        "ansi-regex": "2.1.1"
      }
    },
    "supports-color": {
      "version": "2.0.0",
      "resolved": "https://registry.npmjs.org/supports-color/-/supports-color-2.0.0.tgz",
      "integrity": "sha1-U10EXOa2Nj+kARcIRimZXp3zJMc="
    },
    "table": {
      "version": "3.8.3",
      "resolved": "https://registry.npmjs.org/table/-/table-3.8.3.tgz",
      "integrity": "sha1-K7xULw/amGGnVdOUf+/Ys/UThV8=",
      "requires": {
        "ajv": "4.11.8",
        "ajv-keywords": "1.5.1",
        "chalk": "1.1.3",
        "lodash": "4.17.5",
        "slice-ansi": "0.0.4",
        "string-width": "2.1.1"
      }
    },
    "treeify": {
      "version": "1.1.0",
      "resolved": "https://registry.npmjs.org/treeify/-/treeify-1.1.0.tgz",
      "integrity": "sha512-1m4RA7xVAJrSGrrXGs0L3YTwyvBs2S8PbRHaLZAkFw7JR8oIFwYtysxlBZhYIa7xSyiYJKZ3iGrrk55cGA3i9A=="
    },
    "util-extend": {
      "version": "1.0.3",
      "resolved": "https://registry.npmjs.org/util-extend/-/util-extend-1.0.3.tgz",
      "integrity": "sha1-p8IW0mdUUWljeztu3GypEZ4v+T8="
    },
    "validate-npm-package-license": {
      "version": "3.0.1",
      "resolved": "https://registry.npmjs.org/validate-npm-package-license/-/validate-npm-package-license-3.0.1.tgz",
      "integrity": "sha1-KAS6vnEq0zeUWaz74kdGqywwP7w=",
      "requires": {
        "spdx-correct": "1.0.2",
        "spdx-expression-parse": "1.0.4"
      }
    },
    "wrappy": {
      "version": "1.0.2",
      "resolved": "https://registry.npmjs.org/wrappy/-/wrappy-1.0.2.tgz",
      "integrity": "sha1-tSQ9jz7BqjXxNkYFvA0QNuMKtp8="
    }
  }
}
